
Microsoft Visual Studio Solution File, Format Version 12.00
# Visual Studio Version 17
VisualStudioVersion = 17.10.35013.160
MinimumVisualStudioVersion = 10.0.40219.1
Project("{9A19103F-16F7-4668-BE54-9A1E7A4F7556}") = "CSharpBasics", "CSharpBasics\CSharpBasics.csproj", "{4C1CAD98-4D18-4D6C-991B-ADBE2B78CE5F}"
EndProject
Project("{9A19103F-16F7-4668-BE54-9A1E7A4F7556}") = "CSharpInputOutput", "CSharpInputOutput\CSharpInputOutput.csproj", "{D5BD9A20-6AEA-452C-8F16-44FFE469E3E3}"
EndProject
Project("{9A19103F-16F7-4668-BE54-9A1E7A4F7556}") = "OOP", "OOP\OOP.csproj", "{8FB7D808-1623-4B25-9166-BD824DFFB1C1}"
EndProject
Project("{9A19103F-16F7-4668-BE54-9A1E7A4F7556}") = "StaticExample", "StaticExample\StaticExample.csproj", "{4619825E-FE40-46AA-97A7-A68E700F1EDB}"
EndProject
Project("{9A19103F-16F7-4668-BE54-9A1E7A4F7556}") = "AbstractExample", "AbstractExample\AbstractExample.csproj", "{17A6A8C8-E993-440A-B902-A612876F562C}"
EndProject
Project("{9A19103F-16F7-4668-BE54-9A1E7A4F7556}") = "StructureExample", "StructureExample\StructureExample.csproj", "{17AF8043-B955-4B79-BF5C-D947172C83A1}"
EndProject
Project("{9A19103F-16F7-4668-BE54-9A1E7A4F7556}") = "EnumExample", "EnumExample\EnumExample.csproj", "{33920045-EDEB-4CD2-B356-E23364B69024}"
EndProject
Project("{9A19103F-16F7-4668-BE54-9A1E7A4F7556}") = "DatetimeExample", "DatetimeExample\DatetimeExample.csproj", "{B85F2617-B3DF-461C-9F10-F02D93704F9F}"
EndProject
Project("{9A19103F-16F7-4668-BE54-9A1E7A4F7556}") = "ParameterizedModifier", "ParameterizedModifier\ParameterizedModifier.csproj", "{7CD10B6A-D583-4E2C-A590-5DF094AE09A2}"
EndProject
Project("{9A19103F-16F7-4668-BE54-9A1E7A4F7556}") = "Tupple", "Tupple\Tupple.csproj", "{D5E3EB8E-9CB9-43E5-A974-DAE7C20750C7}"
EndProject
Project("{9A19103F-16F7-4668-BE54-9A1E7A4F7556}") = "NullableTypes", "NullableTypes\NullableTypes.csproj", "{BA1468D0-AD06-4446-95D5-B934B7E2249B}"
EndProject
Project("{9A19103F-16F7-4668-BE54-9A1E7A4F7556}") = "AnnonymousType", "AnnonymousType\AnnonymousType.csproj", "{D4900B57-5269-4BE5-9A51-1BEC037DB5D4}"
EndProject
Project("{9A19103F-16F7-4668-BE54-9A1E7A4F7556}") = "CombiningKeywords", "CombiningKeywords\CombiningKeywords.csproj", "{10D1B689-EC84-46E2-8445-6D997B9A4164}"
EndProject
Project("{9A19103F-16F7-4668-BE54-9A1E7A4F7556}") = "GenericExample", "GenericExample\GenericExample.csproj", "{930AFB98-258F-4F26-AE62-C230F133CE61}"
EndProject
Project("{9A19103F-16F7-4668-BE54-9A1E7A4F7556}") = "ImportantInterfaces", "ImportantInterfaces\ImportantInterfaces.csproj", "{55222D52-2C5C-43D1-BAE8-326E72407ACA}"
EndProject
Project("{9A19103F-16F7-4668-BE54-9A1E7A4F7556}") = "Reflection", "Reflection\Reflection.csproj", "{1C18AB04-E922-477D-840D-B95D269135DC}"
EndProject
Project("{9A19103F-16F7-4668-BE54-9A1E7A4F7556}") = "FileSystemMastery", "FileSystemMastery\FileSystemMastery.csproj", "{D5EFDD8C-C8A5-46F7-99D4-53C3AC3787C9}"
EndProject
Project("{FAE04EC0-301F-11D3-BF4B-00C04F79EFBC}") = "OOP-V2", "OOP-V2\OOP-V2.csproj", "{6E98E0A1-EB4F-44BF-A6C7-AA0FA83F0E3E}"
EndProject
Project("{FAE04EC0-301F-11D3-BF4B-00C04F79EFBC}") = "Partial", "Partial\Partial.csproj", "{41BF602D-CE59-4EDB-BB69-6F30315AF1D6}"
EndProject
Project("{FAE04EC0-301F-11D3-BF4B-00C04F79EFBC}") = "GenericCollections", "GenericCollections\GenericCollections.csproj", "{62BB0E92-DD33-42A7-8F13-CDC4C051FA71}"
EndProject
Project("{FAE04EC0-301F-11D3-BF4B-00C04F79EFBC}") = "Delegates", "Delegates\Delegates.csproj", "{7C560D10-4428-40F2-9BC4-528F5A3C3421}"
EndProject
Project("{FAE04EC0-301F-11D3-BF4B-00C04F79EFBC}") = "FuncExample", "FuncExample\FuncExample.csproj", "{BAC91CB1-47EB-4F54-A87F-F4A99D9EB04C}"
EndProject
Project("{FAE04EC0-301F-11D3-BF4B-00C04F79EFBC}") = "MinimumAbsoluteDifference", "MinimumAbsoluteDifference\MinimumAbsoluteDifference.csproj", "{F99869D7-BA82-487A-87B5-77609A8D89E9}"
EndProject
Project("{FAE04EC0-301F-11D3-BF4B-00C04F79EFBC}") = "CaesarCipher", "CaesarCipher\CaesarCipher.csproj", "{CC5AB535-EEC4-40EA-BA3D-43522E452E40}"
EndProject
Project("{FAE04EC0-301F-11D3-BF4B-00C04F79EFBC}") = "List", "List\List.csproj", "{C6E92BA5-8D39-402F-B093-E33253123C50}"
EndProject
Project("{FAE04EC0-301F-11D3-BF4B-00C04F79EFBC}") = "NestedList", "NestedList\NestedList.csproj", "{5131B567-869E-41C3-9B50-FAA49639C38A}"
EndProject
Project("{FAE04EC0-301F-11D3-BF4B-00C04F79EFBC}") = "MaxMin", "MaxMin\MaxMin.csproj", "{DF748204-784D-4A80-B497-8985A2231534}"
EndProject
Project("{FAE04EC0-301F-11D3-BF4B-00C04F79EFBC}") = "PalindromeCheck", "PalindromeCheck\PalindromeCheck.csproj", "{3A1426E4-2546-4B58-9DFC-8A3BBCE71917}"
EndProject
Project("{FAE04EC0-301F-11D3-BF4B-00C04F79EFBC}") = "SingleNumber", "SingleNumber\SingleNumber.csproj", "{F1EE83A1-3814-4B03-AF83-7611BCA51C7E}"
EndProject
Project("{FAE04EC0-301F-11D3-BF4B-00C04F79EFBC}") = "RemoveDuplicate", "RemoveDuplicate\RemoveDuplicate.csproj", "{0FB5E056-9681-471C-9200-1B102677864A}"
EndProject
Project("{FAE04EC0-301F-11D3-BF4B-00C04F79EFBC}") = "LongestCommoPrefix", "LongestCommoPrefix\LongestCommoPrefix.csproj", "{72C91D26-ED21-4FB4-B3C1-52C4EEB5CB9E}"
EndProject
Project("{FAE04EC0-301F-11D3-BF4B-00C04F79EFBC}") = "ValidParethesis", "ValidParethesis\ValidParethesis.csproj", "{4D563232-EB1E-444B-B7A1-477DD3668087}"
EndProject
Global
	GlobalSection(SolutionConfigurationPlatforms) = preSolution
		Debug|Any CPU = Debug|Any CPU
		Release|Any CPU = Release|Any CPU
	EndGlobalSection
	GlobalSection(ProjectConfigurationPlatforms) = postSolution
		{4C1CAD98-4D18-4D6C-991B-ADBE2B78CE5F}.Debug|Any CPU.ActiveCfg = Debug|Any CPU
		{4C1CAD98-4D18-4D6C-991B-ADBE2B78CE5F}.Debug|Any CPU.Build.0 = Debug|Any CPU
		{4C1CAD98-4D18-4D6C-991B-ADBE2B78CE5F}.Release|Any CPU.ActiveCfg = Release|Any CPU
		{4C1CAD98-4D18-4D6C-991B-ADBE2B78CE5F}.Release|Any CPU.Build.0 = Release|Any CPU
		{D5BD9A20-6AEA-452C-8F16-44FFE469E3E3}.Debug|Any CPU.ActiveCfg = Debug|Any CPU
		{D5BD9A20-6AEA-452C-8F16-44FFE469E3E3}.Debug|Any CPU.Build.0 = Debug|Any CPU
		{D5BD9A20-6AEA-452C-8F16-44FFE469E3E3}.Release|Any CPU.ActiveCfg = Release|Any CPU
		{D5BD9A20-6AEA-452C-8F16-44FFE469E3E3}.Release|Any CPU.Build.0 = Release|Any CPU
		{8FB7D808-1623-4B25-9166-BD824DFFB1C1}.Debug|Any CPU.ActiveCfg = Debug|Any CPU
		{8FB7D808-1623-4B25-9166-BD824DFFB1C1}.Debug|Any CPU.Build.0 = Debug|Any CPU
		{8FB7D808-1623-4B25-9166-BD824DFFB1C1}.Release|Any CPU.ActiveCfg = Release|Any CPU
		{8FB7D808-1623-4B25-9166-BD824DFFB1C1}.Release|Any CPU.Build.0 = Release|Any CPU
		{4619825E-FE40-46AA-97A7-A68E700F1EDB}.Debug|Any CPU.ActiveCfg = Debug|Any CPU
		{4619825E-FE40-46AA-97A7-A68E700F1EDB}.Debug|Any CPU.Build.0 = Debug|Any CPU
		{4619825E-FE40-46AA-97A7-A68E700F1EDB}.Release|Any CPU.ActiveCfg = Release|Any CPU
		{4619825E-FE40-46AA-97A7-A68E700F1EDB}.Release|Any CPU.Build.0 = Release|Any CPU
		{17A6A8C8-E993-440A-B902-A612876F562C}.Debug|Any CPU.ActiveCfg = Debug|Any CPU
		{17A6A8C8-E993-440A-B902-A612876F562C}.Debug|Any CPU.Build.0 = Debug|Any CPU
		{17A6A8C8-E993-440A-B902-A612876F562C}.Release|Any CPU.ActiveCfg = Release|Any CPU
		{17A6A8C8-E993-440A-B902-A612876F562C}.Release|Any CPU.Build.0 = Release|Any CPU
		{17AF8043-B955-4B79-BF5C-D947172C83A1}.Debug|Any CPU.ActiveCfg = Debug|Any CPU
		{17AF8043-B955-4B79-BF5C-D947172C83A1}.Debug|Any CPU.Build.0 = Debug|Any CPU
		{17AF8043-B955-4B79-BF5C-D947172C83A1}.Release|Any CPU.ActiveCfg = Release|Any CPU
		{17AF8043-B955-4B79-BF5C-D947172C83A1}.Release|Any CPU.Build.0 = Release|Any CPU
		{33920045-EDEB-4CD2-B356-E23364B69024}.Debug|Any CPU.ActiveCfg = Debug|Any CPU
		{33920045-EDEB-4CD2-B356-E23364B69024}.Debug|Any CPU.Build.0 = Debug|Any CPU
		{33920045-EDEB-4CD2-B356-E23364B69024}.Release|Any CPU.ActiveCfg = Release|Any CPU
		{33920045-EDEB-4CD2-B356-E23364B69024}.Release|Any CPU.Build.0 = Release|Any CPU
		{B85F2617-B3DF-461C-9F10-F02D93704F9F}.Debug|Any CPU.ActiveCfg = Debug|Any CPU
		{B85F2617-B3DF-461C-9F10-F02D93704F9F}.Debug|Any CPU.Build.0 = Debug|Any CPU
		{B85F2617-B3DF-461C-9F10-F02D93704F9F}.Release|Any CPU.ActiveCfg = Release|Any CPU
		{B85F2617-B3DF-461C-9F10-F02D93704F9F}.Release|Any CPU.Build.0 = Release|Any CPU
		{7CD10B6A-D583-4E2C-A590-5DF094AE09A2}.Debug|Any CPU.ActiveCfg = Debug|Any CPU
		{7CD10B6A-D583-4E2C-A590-5DF094AE09A2}.Debug|Any CPU.Build.0 = Debug|Any CPU
		{7CD10B6A-D583-4E2C-A590-5DF094AE09A2}.Release|Any CPU.ActiveCfg = Release|Any CPU
		{7CD10B6A-D583-4E2C-A590-5DF094AE09A2}.Release|Any CPU.Build.0 = Release|Any CPU
		{D5E3EB8E-9CB9-43E5-A974-DAE7C20750C7}.Debug|Any CPU.ActiveCfg = Debug|Any CPU
		{D5E3EB8E-9CB9-43E5-A974-DAE7C20750C7}.Debug|Any CPU.Build.0 = Debug|Any CPU
		{D5E3EB8E-9CB9-43E5-A974-DAE7C20750C7}.Release|Any CPU.ActiveCfg = Release|Any CPU
		{D5E3EB8E-9CB9-43E5-A974-DAE7C20750C7}.Release|Any CPU.Build.0 = Release|Any CPU
		{BA1468D0-AD06-4446-95D5-B934B7E2249B}.Debug|Any CPU.ActiveCfg = Debug|Any CPU
		{BA1468D0-AD06-4446-95D5-B934B7E2249B}.Debug|Any CPU.Build.0 = Debug|Any CPU
		{BA1468D0-AD06-4446-95D5-B934B7E2249B}.Release|Any CPU.ActiveCfg = Release|Any CPU
		{BA1468D0-AD06-4446-95D5-B934B7E2249B}.Release|Any CPU.Build.0 = Release|Any CPU
		{D4900B57-5269-4BE5-9A51-1BEC037DB5D4}.Debug|Any CPU.ActiveCfg = Debug|Any CPU
		{D4900B57-5269-4BE5-9A51-1BEC037DB5D4}.Debug|Any CPU.Build.0 = Debug|Any CPU
		{D4900B57-5269-4BE5-9A51-1BEC037DB5D4}.Release|Any CPU.ActiveCfg = Release|Any CPU
		{D4900B57-5269-4BE5-9A51-1BEC037DB5D4}.Release|Any CPU.Build.0 = Release|Any CPU
		{10D1B689-EC84-46E2-8445-6D997B9A4164}.Debug|Any CPU.ActiveCfg = Debug|Any CPU
		{10D1B689-EC84-46E2-8445-6D997B9A4164}.Debug|Any CPU.Build.0 = Debug|Any CPU
		{10D1B689-EC84-46E2-8445-6D997B9A4164}.Release|Any CPU.ActiveCfg = Release|Any CPU
		{10D1B689-EC84-46E2-8445-6D997B9A4164}.Release|Any CPU.Build.0 = Release|Any CPU
		{930AFB98-258F-4F26-AE62-C230F133CE61}.Debug|Any CPU.ActiveCfg = Debug|Any CPU
		{930AFB98-258F-4F26-AE62-C230F133CE61}.Debug|Any CPU.Build.0 = Debug|Any CPU
		{930AFB98-258F-4F26-AE62-C230F133CE61}.Release|Any CPU.ActiveCfg = Release|Any CPU
		{930AFB98-258F-4F26-AE62-C230F133CE61}.Release|Any CPU.Build.0 = Release|Any CPU
		{55222D52-2C5C-43D1-BAE8-326E72407ACA}.Debug|Any CPU.ActiveCfg = Debug|Any CPU
		{55222D52-2C5C-43D1-BAE8-326E72407ACA}.Debug|Any CPU.Build.0 = Debug|Any CPU
		{55222D52-2C5C-43D1-BAE8-326E72407ACA}.Release|Any CPU.ActiveCfg = Release|Any CPU
		{55222D52-2C5C-43D1-BAE8-326E72407ACA}.Release|Any CPU.Build.0 = Release|Any CPU
		{1C18AB04-E922-477D-840D-B95D269135DC}.Debug|Any CPU.ActiveCfg = Debug|Any CPU
		{1C18AB04-E922-477D-840D-B95D269135DC}.Debug|Any CPU.Build.0 = Debug|Any CPU
		{1C18AB04-E922-477D-840D-B95D269135DC}.Release|Any CPU.ActiveCfg = Release|Any CPU
		{1C18AB04-E922-477D-840D-B95D269135DC}.Release|Any CPU.Build.0 = Release|Any CPU
		{D5EFDD8C-C8A5-46F7-99D4-53C3AC3787C9}.Debug|Any CPU.ActiveCfg = Debug|Any CPU
		{D5EFDD8C-C8A5-46F7-99D4-53C3AC3787C9}.Debug|Any CPU.Build.0 = Debug|Any CPU
		{D5EFDD8C-C8A5-46F7-99D4-53C3AC3787C9}.Release|Any CPU.ActiveCfg = Release|Any CPU
		{D5EFDD8C-C8A5-46F7-99D4-53C3AC3787C9}.Release|Any CPU.Build.0 = Release|Any CPU
		{6E98E0A1-EB4F-44BF-A6C7-AA0FA83F0E3E}.Debug|Any CPU.ActiveCfg = Debug|Any CPU
		{6E98E0A1-EB4F-44BF-A6C7-AA0FA83F0E3E}.Debug|Any CPU.Build.0 = Debug|Any CPU
		{6E98E0A1-EB4F-44BF-A6C7-AA0FA83F0E3E}.Release|Any CPU.ActiveCfg = Release|Any CPU
		{6E98E0A1-EB4F-44BF-A6C7-AA0FA83F0E3E}.Release|Any CPU.Build.0 = Release|Any CPU
		{41BF602D-CE59-4EDB-BB69-6F30315AF1D6}.Debug|Any CPU.ActiveCfg = Debug|Any CPU
		{41BF602D-CE59-4EDB-BB69-6F30315AF1D6}.Debug|Any CPU.Build.0 = Debug|Any CPU
		{41BF602D-CE59-4EDB-BB69-6F30315AF1D6}.Release|Any CPU.ActiveCfg = Release|Any CPU
		{41BF602D-CE59-4EDB-BB69-6F30315AF1D6}.Release|Any CPU.Build.0 = Release|Any CPU
		{62BB0E92-DD33-42A7-8F13-CDC4C051FA71}.Debug|Any CPU.ActiveCfg = Debug|Any CPU
		{62BB0E92-DD33-42A7-8F13-CDC4C051FA71}.Debug|Any CPU.Build.0 = Debug|Any CPU
		{62BB0E92-DD33-42A7-8F13-CDC4C051FA71}.Release|Any CPU.ActiveCfg = Release|Any CPU
		{62BB0E92-DD33-42A7-8F13-CDC4C051FA71}.Release|Any CPU.Build.0 = Release|Any CPU
		{7C560D10-4428-40F2-9BC4-528F5A3C3421}.Debug|Any CPU.ActiveCfg = Debug|Any CPU
		{7C560D10-4428-40F2-9BC4-528F5A3C3421}.Debug|Any CPU.Build.0 = Debug|Any CPU
		{7C560D10-4428-40F2-9BC4-528F5A3C3421}.Release|Any CPU.ActiveCfg = Release|Any CPU
		{7C560D10-4428-40F2-9BC4-528F5A3C3421}.Release|Any CPU.Build.0 = Release|Any CPU
		{BAC91CB1-47EB-4F54-A87F-F4A99D9EB04C}.Debug|Any CPU.ActiveCfg = Debug|Any CPU
		{BAC91CB1-47EB-4F54-A87F-F4A99D9EB04C}.Debug|Any CPU.Build.0 = Debug|Any CPU
		{BAC91CB1-47EB-4F54-A87F-F4A99D9EB04C}.Release|Any CPU.ActiveCfg = Release|Any CPU
		{BAC91CB1-47EB-4F54-A87F-F4A99D9EB04C}.Release|Any CPU.Build.0 = Release|Any CPU
		{F99869D7-BA82-487A-87B5-77609A8D89E9}.Debug|Any CPU.ActiveCfg = Debug|Any CPU
		{F99869D7-BA82-487A-87B5-77609A8D89E9}.Debug|Any CPU.Build.0 = Debug|Any CPU
		{F99869D7-BA82-487A-87B5-77609A8D89E9}.Release|Any CPU.ActiveCfg = Release|Any CPU
		{F99869D7-BA82-487A-87B5-77609A8D89E9}.Release|Any CPU.Build.0 = Release|Any CPU
		{CC5AB535-EEC4-40EA-BA3D-43522E452E40}.Debug|Any CPU.ActiveCfg = Debug|Any CPU
		{CC5AB535-EEC4-40EA-BA3D-43522E452E40}.Debug|Any CPU.Build.0 = Debug|Any CPU
		{CC5AB535-EEC4-40EA-BA3D-43522E452E40}.Release|Any CPU.ActiveCfg = Release|Any CPU
		{CC5AB535-EEC4-40EA-BA3D-43522E452E40}.Release|Any CPU.Build.0 = Release|Any CPU
		{C6E92BA5-8D39-402F-B093-E33253123C50}.Debug|Any CPU.ActiveCfg = Debug|Any CPU
		{C6E92BA5-8D39-402F-B093-E33253123C50}.Debug|Any CPU.Build.0 = Debug|Any CPU
		{C6E92BA5-8D39-402F-B093-E33253123C50}.Release|Any CPU.ActiveCfg = Release|Any CPU
		{C6E92BA5-8D39-402F-B093-E33253123C50}.Release|Any CPU.Build.0 = Release|Any CPU
		{5131B567-869E-41C3-9B50-FAA49639C38A}.Debug|Any CPU.ActiveCfg = Debug|Any CPU
		{5131B567-869E-41C3-9B50-FAA49639C38A}.Debug|Any CPU.Build.0 = Debug|Any CPU
		{5131B567-869E-41C3-9B50-FAA49639C38A}.Release|Any CPU.ActiveCfg = Release|Any CPU
		{5131B567-869E-41C3-9B50-FAA49639C38A}.Release|Any CPU.Build.0 = Release|Any CPU
		{DF748204-784D-4A80-B497-8985A2231534}.Debug|Any CPU.ActiveCfg = Debug|Any CPU
		{DF748204-784D-4A80-B497-8985A2231534}.Debug|Any CPU.Build.0 = Debug|Any CPU
		{DF748204-784D-4A80-B497-8985A2231534}.Release|Any CPU.ActiveCfg = Release|Any CPU
		{DF748204-784D-4A80-B497-8985A2231534}.Release|Any CPU.Build.0 = Release|Any CPU
		{3A1426E4-2546-4B58-9DFC-8A3BBCE71917}.Debug|Any CPU.ActiveCfg = Debug|Any CPU
		{3A1426E4-2546-4B58-9DFC-8A3BBCE71917}.Debug|Any CPU.Build.0 = Debug|Any CPU
		{3A1426E4-2546-4B58-9DFC-8A3BBCE71917}.Release|Any CPU.ActiveCfg = Release|Any CPU
		{3A1426E4-2546-4B58-9DFC-8A3BBCE71917}.Release|Any CPU.Build.0 = Release|Any CPU
		{F1EE83A1-3814-4B03-AF83-7611BCA51C7E}.Debug|Any CPU.ActiveCfg = Debug|Any CPU
		{F1EE83A1-3814-4B03-AF83-7611BCA51C7E}.Debug|Any CPU.Build.0 = Debug|Any CPU
		{F1EE83A1-3814-4B03-AF83-7611BCA51C7E}.Release|Any CPU.ActiveCfg = Release|Any CPU
		{F1EE83A1-3814-4B03-AF83-7611BCA51C7E}.Release|Any CPU.Build.0 = Release|Any CPU
		{0FB5E056-9681-471C-9200-1B102677864A}.Debug|Any CPU.ActiveCfg = Debug|Any CPU
		{0FB5E056-9681-471C-9200-1B102677864A}.Debug|Any CPU.Build.0 = Debug|Any CPU
		{0FB5E056-9681-471C-9200-1B102677864A}.Release|Any CPU.ActiveCfg = Release|Any CPU
		{0FB5E056-9681-471C-9200-1B102677864A}.Release|Any CPU.Build.0 = Release|Any CPU
		{72C91D26-ED21-4FB4-B3C1-52C4EEB5CB9E}.Debug|Any CPU.ActiveCfg = Debug|Any CPU
		{72C91D26-ED21-4FB4-B3C1-52C4EEB5CB9E}.Debug|Any CPU.Build.0 = Debug|Any CPU
		{72C91D26-ED21-4FB4-B3C1-52C4EEB5CB9E}.Release|Any CPU.ActiveCfg = Release|Any CPU
		{72C91D26-ED21-4FB4-B3C1-52C4EEB5CB9E}.Release|Any CPU.Build.0 = Release|Any CPU
		{4D563232-EB1E-444B-B7A1-477DD3668087}.Debug|Any CPU.ActiveCfg = Debug|Any CPU
		{4D563232-EB1E-444B-B7A1-477DD3668087}.Debug|Any CPU.Build.0 = Debug|Any CPU
		{4D563232-EB1E-444B-B7A1-477DD3668087}.Release|Any CPU.ActiveCfg = Release|Any CPU
		{4D563232-EB1E-444B-B7A1-477DD3668087}.Release|Any CPU.Build.0 = Release|Any CPU
	EndGlobalSection
	GlobalSection(SolutionProperties) = preSolution
		HideSolutionNode = FALSE
	EndGlobalSection
	GlobalSection(ExtensibilityGlobals) = postSolution
		SolutionGuid = {D93F3C73-EB78-4112-854B-D06899AF0AE8}
	EndGlobalSection
EndGlobal
